{
  "name": "sandbox",
  "version": "1.0.0",
  "lockfileVersion": 1,
  "requires": true,
  "dependencies": {
    "npm-release-version-method": {
      "version": "1.1.0",
      "resolved": "https://registry.npmjs.org/npm-release-version-method/-/npm-release-version-method-1.1.0.tgz",
      "integrity": "sha512-hbiAOgA/BpWeGuAomTwDUfPlODupk5Fybjo+/vfDra7Cz6xJgwNFGoOyL5xe1Mj9l58Ua4dPgBC5pDKeBde4xw=="
    }
  }
}
